
Microsoft Visual Studio Solution File, Format Version 12.00
# Visual Studio Version 16
VisualStudioVersion = 16.0.31402.337
MinimumVisualStudioVersion = 10.0.40219.1
Project("{FAE04EC0-301F-11D3-BF4B-00C04F79EFBC}") = "SimbirSoftTestDodonov", "SimbirSoftTestDodonov\SimbirSoftTestDodonov.csproj", "{CC4C83C2-7EDA-4152-9427-27A3C32256AD}"
EndProject
Global
	GlobalSection(SolutionConfigurationPlatforms) = preSolution
		Debug|Any CPU = Debug|Any CPU
		Release|Any CPU = Release|Any CPU
	EndGlobalSection
	GlobalSection(ProjectConfigurationPlatforms) = postSolution
		{CC4C83C2-7EDA-4152-9427-27A3C32256AD}.Debug|Any CPU.ActiveCfg = Debug|Any CPU
		{CC4C83C2-7EDA-4152-9427-27A3C32256AD}.Debug|Any CPU.Build.0 = Debug|Any CPU
		{CC4C83C2-7EDA-4152-9427-27A3C32256AD}.Release|Any CPU.ActiveCfg = Release|Any CPU
		{CC4C83C2-7EDA-4152-9427-27A3C32256AD}.Release|Any CPU.Build.0 = Release|Any CPU
	EndGlobalSection
	GlobalSection(SolutionProperties) = preSolution
		HideSolutionNode = FALSE
	EndGlobalSection
	GlobalSection(ExtensibilityGlobals) = postSolution
		SolutionGuid = {1255BF34-91D4-4080-94F8-1FF0033983F8}
	EndGlobalSection
EndGlobal
